
Microsoft Visual Studio Solution File, Format Version 12.00
# Visual Studio Version 16
VisualStudioVersion = 16.0.31105.61
MinimumVisualStudioVersion = 10.0.40219.1
Project("{9A19103F-16F7-4668-BE54-9A1E7A4F7556}") = "Homework", "Homework\Homework.csproj", "{8D76FE4D-3374-43D0-96B5-C931B6DF50D4}"
EndProject
Project("{FAE04EC0-301F-11D3-BF4B-00C04F79EFBC}") = "InterfaceHomework", "InterfaceHomework\InterfaceHomework.csproj", "{B2D1719B-6155-47C6-862E-1D11AED66079}"
EndProject
Global
	GlobalSection(SolutionConfigurationPlatforms) = preSolution
		Debug|Any CPU = Debug|Any CPU
		Release|Any CPU = Release|Any CPU
	EndGlobalSection
	GlobalSection(ProjectConfigurationPlatforms) = postSolution
		{8D76FE4D-3374-43D0-96B5-C931B6DF50D4}.Debug|Any CPU.ActiveCfg = Debug|Any CPU
		{8D76FE4D-3374-43D0-96B5-C931B6DF50D4}.Debug|Any CPU.Build.0 = Debug|Any CPU
		{8D76FE4D-3374-43D0-96B5-C931B6DF50D4}.Release|Any CPU.ActiveCfg = Release|Any CPU
		{8D76FE4D-3374-43D0-96B5-C931B6DF50D4}.Release|Any CPU.Build.0 = Release|Any CPU
		{B2D1719B-6155-47C6-862E-1D11AED66079}.Debug|Any CPU.ActiveCfg = Debug|Any CPU
		{B2D1719B-6155-47C6-862E-1D11AED66079}.Debug|Any CPU.Build.0 = Debug|Any CPU
		{B2D1719B-6155-47C6-862E-1D11AED66079}.Release|Any CPU.ActiveCfg = Release|Any CPU
		{B2D1719B-6155-47C6-862E-1D11AED66079}.Release|Any CPU.Build.0 = Release|Any CPU
	EndGlobalSection
	GlobalSection(SolutionProperties) = preSolution
		HideSolutionNode = FALSE
	EndGlobalSection
	GlobalSection(ExtensibilityGlobals) = postSolution
		SolutionGuid = {01961D73-E44E-494A-9586-B68003E46375}
	EndGlobalSection
EndGlobal
